
Microsoft Visual Studio Solution File, Format Version 12.00
Project("{FAE04EC0-301F-11D3-BF4B-00C04F79EFBC}") = "Cagaya", "Cagaya\Cagaya\Cagaya.csproj", "{3BF25BF5-39CF-44DB-A88C-EA95757AE2FF}"
EndProject
Project("{FAE04EC0-301F-11D3-BF4B-00C04F79EFBC}") = "Cagaya.Android", "Cagaya\Cagaya.Android\Cagaya.Android.csproj", "{3D8979F5-F48E-4228-8066-B353C5C39DDA}"
EndProject
Project("{FAE04EC0-301F-11D3-BF4B-00C04F79EFBC}") = "Cagaya.Desktop", "Cagaya\Cagaya.Desktop\Cagaya.Desktop.csproj", "{1B6A6066-23A9-4F2C-B594-D05EEEB1B31E}"
EndProject
Project("{FAE04EC0-301F-11D3-BF4B-00C04F79EFBC}") = "Cagaya.iOS", "Cagaya\Cagaya.iOS\Cagaya.iOS.csproj", "{1C377290-FA5E-4620-83E6-A1EC9EEEBB41}"
EndProject
Project("{FAE04EC0-301F-11D3-BF4B-00C04F79EFBC}") = "Cagaya.Browser", "Cagaya\Cagaya.Browser\Cagaya.Browser.csproj", "{356C8287-6C37-4A2A-AA36-85695388F70F}"
EndProject
Global
	GlobalSection(SolutionConfigurationPlatforms) = preSolution
		Debug|Any CPU = Debug|Any CPU
		Release|Any CPU = Release|Any CPU
	EndGlobalSection
	GlobalSection(ProjectConfigurationPlatforms) = postSolution
		{3BF25BF5-39CF-44DB-A88C-EA95757AE2FF}.Debug|Any CPU.ActiveCfg = Debug|Any CPU
		{3BF25BF5-39CF-44DB-A88C-EA95757AE2FF}.Debug|Any CPU.Build.0 = Debug|Any CPU
		{3BF25BF5-39CF-44DB-A88C-EA95757AE2FF}.Release|Any CPU.ActiveCfg = Release|Any CPU
		{3BF25BF5-39CF-44DB-A88C-EA95757AE2FF}.Release|Any CPU.Build.0 = Release|Any CPU
		{3D8979F5-F48E-4228-8066-B353C5C39DDA}.Debug|Any CPU.ActiveCfg = Debug|Any CPU
		{3D8979F5-F48E-4228-8066-B353C5C39DDA}.Debug|Any CPU.Build.0 = Debug|Any CPU
		{3D8979F5-F48E-4228-8066-B353C5C39DDA}.Debug|Any CPU.Deploy.0 = Debug|Any CPU
		{3D8979F5-F48E-4228-8066-B353C5C39DDA}.Release|Any CPU.ActiveCfg = Release|Any CPU
		{3D8979F5-F48E-4228-8066-B353C5C39DDA}.Release|Any CPU.Build.0 = Release|Any CPU
		{3D8979F5-F48E-4228-8066-B353C5C39DDA}.Release|Any CPU.Deploy.0 = Release|Any CPU
		{1B6A6066-23A9-4F2C-B594-D05EEEB1B31E}.Debug|Any CPU.ActiveCfg = Debug|Any CPU
		{1B6A6066-23A9-4F2C-B594-D05EEEB1B31E}.Debug|Any CPU.Build.0 = Debug|Any CPU
		{1B6A6066-23A9-4F2C-B594-D05EEEB1B31E}.Release|Any CPU.ActiveCfg = Release|Any CPU
		{1B6A6066-23A9-4F2C-B594-D05EEEB1B31E}.Release|Any CPU.Build.0 = Release|Any CPU
		{1C377290-FA5E-4620-83E6-A1EC9EEEBB41}.Debug|Any CPU.ActiveCfg = Debug|Any CPU
		{1C377290-FA5E-4620-83E6-A1EC9EEEBB41}.Debug|Any CPU.Build.0 = Debug|Any CPU
		{1C377290-FA5E-4620-83E6-A1EC9EEEBB41}.Debug|Any CPU.Deploy.0 = Debug|Any CPU
		{1C377290-FA5E-4620-83E6-A1EC9EEEBB41}.Release|Any CPU.ActiveCfg = Release|Any CPU
		{1C377290-FA5E-4620-83E6-A1EC9EEEBB41}.Release|Any CPU.Build.0 = Release|Any CPU
		{1C377290-FA5E-4620-83E6-A1EC9EEEBB41}.Release|Any CPU.Deploy.0 = Release|Any CPU
		{356C8287-6C37-4A2A-AA36-85695388F70F}.Debug|Any CPU.ActiveCfg = Debug|Any CPU
		{356C8287-6C37-4A2A-AA36-85695388F70F}.Debug|Any CPU.Build.0 = Debug|Any CPU
		{356C8287-6C37-4A2A-AA36-85695388F70F}.Release|Any CPU.ActiveCfg = Release|Any CPU
		{356C8287-6C37-4A2A-AA36-85695388F70F}.Release|Any CPU.Build.0 = Release|Any CPU
	EndGlobalSection
EndGlobal
