
Microsoft Visual Studio Solution File, Format Version 12.00
Project("{FAE04EC0-301F-11D3-BF4B-00C04F79EFBC}") = "Cagaya", "Cagaya\Cagaya\Cagaya.csproj", "{525BB535-7BB5-46F5-8F7D-03065194A518}"
EndProject
Project("{FAE04EC0-301F-11D3-BF4B-00C04F79EFBC}") = "Cagaya.Android", "Cagaya\Cagaya.Android\Cagaya.Android.csproj", "{26BB912F-620A-4858-9D82-850A718D009D}"
EndProject
Project("{FAE04EC0-301F-11D3-BF4B-00C04F79EFBC}") = "Cagaya.Desktop", "Cagaya\Cagaya.Desktop\Cagaya.Desktop.csproj", "{5B76A1A4-ED13-4C01-9254-CBA0C1C28E02}"
EndProject
Project("{FAE04EC0-301F-11D3-BF4B-00C04F79EFBC}") = "Cagaya.iOS", "Cagaya\Cagaya.iOS\Cagaya.iOS.csproj", "{3650E04F-1083-4F93-BE5D-7B0F4E745B28}"
EndProject
Project("{FAE04EC0-301F-11D3-BF4B-00C04F79EFBC}") = "Cagaya.Browser", "Cagaya\Cagaya.Browser\Cagaya.Browser.csproj", "{C8B6B56B-7DF2-4217-B0C2-6C43BAD308A5}"
EndProject
Project("{FAE04EC0-301F-11D3-BF4B-00C04F79EFBC}") = "Cagaya.BlazorView", "Cagaya.BlazorView\Cagaya.BlazorView.csproj", "{4C527F97-80DA-4A3D-A394-DCF6B0B45A87}"
EndProject
Global
	GlobalSection(SolutionConfigurationPlatforms) = preSolution
		Debug|Any CPU = Debug|Any CPU
		Release|Any CPU = Release|Any CPU
	EndGlobalSection
	GlobalSection(ProjectConfigurationPlatforms) = postSolution
		{525BB535-7BB5-46F5-8F7D-03065194A518}.Debug|Any CPU.ActiveCfg = Debug|Any CPU
		{525BB535-7BB5-46F5-8F7D-03065194A518}.Debug|Any CPU.Build.0 = Debug|Any CPU
		{525BB535-7BB5-46F5-8F7D-03065194A518}.Release|Any CPU.ActiveCfg = Release|Any CPU
		{525BB535-7BB5-46F5-8F7D-03065194A518}.Release|Any CPU.Build.0 = Release|Any CPU
		{26BB912F-620A-4858-9D82-850A718D009D}.Debug|Any CPU.ActiveCfg = Debug|Any CPU
		{26BB912F-620A-4858-9D82-850A718D009D}.Debug|Any CPU.Build.0 = Debug|Any CPU
		{26BB912F-620A-4858-9D82-850A718D009D}.Debug|Any CPU.Deploy.0 = Debug|Any CPU
		{26BB912F-620A-4858-9D82-850A718D009D}.Release|Any CPU.ActiveCfg = Release|Any CPU
		{26BB912F-620A-4858-9D82-850A718D009D}.Release|Any CPU.Build.0 = Release|Any CPU
		{26BB912F-620A-4858-9D82-850A718D009D}.Release|Any CPU.Deploy.0 = Release|Any CPU
		{5B76A1A4-ED13-4C01-9254-CBA0C1C28E02}.Debug|Any CPU.ActiveCfg = Debug|Any CPU
		{5B76A1A4-ED13-4C01-9254-CBA0C1C28E02}.Debug|Any CPU.Build.0 = Debug|Any CPU
		{5B76A1A4-ED13-4C01-9254-CBA0C1C28E02}.Release|Any CPU.ActiveCfg = Release|Any CPU
		{5B76A1A4-ED13-4C01-9254-CBA0C1C28E02}.Release|Any CPU.Build.0 = Release|Any CPU
		{3650E04F-1083-4F93-BE5D-7B0F4E745B28}.Debug|Any CPU.ActiveCfg = Debug|Any CPU
		{3650E04F-1083-4F93-BE5D-7B0F4E745B28}.Debug|Any CPU.Build.0 = Debug|Any CPU
		{3650E04F-1083-4F93-BE5D-7B0F4E745B28}.Debug|Any CPU.Deploy.0 = Debug|Any CPU
		{3650E04F-1083-4F93-BE5D-7B0F4E745B28}.Release|Any CPU.ActiveCfg = Release|Any CPU
		{3650E04F-1083-4F93-BE5D-7B0F4E745B28}.Release|Any CPU.Build.0 = Release|Any CPU
		{3650E04F-1083-4F93-BE5D-7B0F4E745B28}.Release|Any CPU.Deploy.0 = Release|Any CPU
		{C8B6B56B-7DF2-4217-B0C2-6C43BAD308A5}.Debug|Any CPU.ActiveCfg = Debug|Any CPU
		{C8B6B56B-7DF2-4217-B0C2-6C43BAD308A5}.Debug|Any CPU.Build.0 = Debug|Any CPU
		{C8B6B56B-7DF2-4217-B0C2-6C43BAD308A5}.Release|Any CPU.ActiveCfg = Release|Any CPU
		{C8B6B56B-7DF2-4217-B0C2-6C43BAD308A5}.Release|Any CPU.Build.0 = Release|Any CPU
		{4C527F97-80DA-4A3D-A394-DCF6B0B45A87}.Debug|Any CPU.ActiveCfg = Debug|Any CPU
		{4C527F97-80DA-4A3D-A394-DCF6B0B45A87}.Debug|Any CPU.Build.0 = Debug|Any CPU
		{4C527F97-80DA-4A3D-A394-DCF6B0B45A87}.Release|Any CPU.ActiveCfg = Release|Any CPU
		{4C527F97-80DA-4A3D-A394-DCF6B0B45A87}.Release|Any CPU.Build.0 = Release|Any CPU
	EndGlobalSection
EndGlobal
